
Microsoft Visual Studio Solution File, Format Version 12.00
# Visual Studio Version 17
VisualStudioVersion = 17.10.35027.167
MinimumVisualStudioVersion = 10.0.40219.1
Project("{9A19103F-16F7-4668-BE54-9A1E7A4F7556}") = "WebAPI", "WebAPI\WebAPI.csproj", "{12786781-A1C7-4059-8968-9EA3D8D2E5C2}"
EndProject
Project("{9A19103F-16F7-4668-BE54-9A1E7A4F7556}") = "BaseDatosAPI", "BaseDatosAPI\BaseDatosAPI.csproj", "{D883058A-AB29-4597-9176-F9FC66B82409}"
EndProject
Project("{9A19103F-16F7-4668-BE54-9A1E7A4F7556}") = "Infrastructure", "Infrastructure\Infrastructure.csproj", "{98FC3908-DFAD-4330-A362-3144E3C0B437}"
EndProject
Global
	GlobalSection(SolutionConfigurationPlatforms) = preSolution
		Debug|Any CPU = Debug|Any CPU
		Release|Any CPU = Release|Any CPU
	EndGlobalSection
	GlobalSection(ProjectConfigurationPlatforms) = postSolution
		{12786781-A1C7-4059-8968-9EA3D8D2E5C2}.Debug|Any CPU.ActiveCfg = Debug|Any CPU
		{12786781-A1C7-4059-8968-9EA3D8D2E5C2}.Debug|Any CPU.Build.0 = Debug|Any CPU
		{12786781-A1C7-4059-8968-9EA3D8D2E5C2}.Release|Any CPU.ActiveCfg = Release|Any CPU
		{12786781-A1C7-4059-8968-9EA3D8D2E5C2}.Release|Any CPU.Build.0 = Release|Any CPU
		{D883058A-AB29-4597-9176-F9FC66B82409}.Debug|Any CPU.ActiveCfg = Debug|Any CPU
		{D883058A-AB29-4597-9176-F9FC66B82409}.Debug|Any CPU.Build.0 = Debug|Any CPU
		{D883058A-AB29-4597-9176-F9FC66B82409}.Release|Any CPU.ActiveCfg = Release|Any CPU
		{D883058A-AB29-4597-9176-F9FC66B82409}.Release|Any CPU.Build.0 = Release|Any CPU
		{98FC3908-DFAD-4330-A362-3144E3C0B437}.Debug|Any CPU.ActiveCfg = Debug|Any CPU
		{98FC3908-DFAD-4330-A362-3144E3C0B437}.Debug|Any CPU.Build.0 = Debug|Any CPU
		{98FC3908-DFAD-4330-A362-3144E3C0B437}.Release|Any CPU.ActiveCfg = Release|Any CPU
		{98FC3908-DFAD-4330-A362-3144E3C0B437}.Release|Any CPU.Build.0 = Release|Any CPU
	EndGlobalSection
	GlobalSection(SolutionProperties) = preSolution
		HideSolutionNode = FALSE
	EndGlobalSection
	GlobalSection(ExtensibilityGlobals) = postSolution
		SolutionGuid = {082E79EC-6CE6-474A-AAFC-B79BC700FB09}
	EndGlobalSection
EndGlobal
